// !$*UTF8*$!
{
	archiveVersion = 1;
	classes = {
	};
	objectVersion = 46;
	objects = {

/* Begin PBXBuildFile section */
		AC68AE901C6F6050002C474B /* AppDelegate.swift in Sources */ = {isa = PBXBuildFile; fileRef = AC68AE8F1C6F6050002C474B /* AppDelegate.swift */; };
		AC68AE921C6F6050002C474B /* ViewController.swift in Sources */ = {isa = PBXBuildFile; fileRef = AC68AE911C6F6050002C474B /* ViewController.swift */; };
		AC68AE951C6F6050002C474B /* Main.storyboard in Resources */ = {isa = PBXBuildFile; fileRef = AC68AE931C6F6050002C474B /* Main.storyboard */; };
		AC68AE971C6F6050002C474B /* Assets.xcassets in Resources */ = {isa = PBXBuildFile; fileRef = AC68AE961C6F6050002C474B /* Assets.xcassets */; };
		AC68AE9A1C6F6050002C474B /* LaunchScreen.storyboard in Resources */ = {isa = PBXBuildFile; fileRef = AC68AE981C6F6050002C474B /* LaunchScreen.storyboard */; };
		AC68AEA51C6F6050002C474B /* Mr_PotatoHead3Tests.swift in Sources */ = {isa = PBXBuildFile; fileRef = AC68AEA41C6F6050002C474B /* Mr_PotatoHead3Tests.swift */; };
		AC68AEB01C6F6050002C474B /* Mr_PotatoHead3UITests.swift in Sources */ = {isa = PBXBuildFile; fileRef = AC68AEAF1C6F6050002C474B /* Mr_PotatoHead3UITests.swift */; };
/* End PBXBuildFile section */

/* Begin PBXContainerItemProxy section */
		AC68AEA11C6F6050002C474B /* PBXContainerItemProxy */ = {
			isa = PBXContainerItemProxy;
			containerPortal = AC68AE841C6F6050002C474B /* Project object */;
			proxyType = 1;
			remoteGlobalIDString = AC68AE8B1C6F6050002C474B;
			remoteInfo = Mr.PotatoHead3;
		};
		AC68AEAC1C6F6050002C474B /* PBXContainerItemProxy */ = {
			isa = PBXContainerItemProxy;
			containerPortal = AC68AE841C6F6050002C474B /* Project object */;
			proxyType = 1;
			remoteGlobalIDString = AC68AE8B1C6F6050002C474B;
			remoteInfo = Mr.PotatoHead3;
		};
/* End PBXContainerItemProxy section */

/* Begin PBXFileReference section */
		AC68AE8C1C6F6050002C474B /* Mr.PotatoHead3.app */ = {isa = PBXFileReference; explicitFileType = wrapper.application; includeInIndex = 0; path = Mr.PotatoHead3.app; sourceTree = BUILT_PRODUCTS_DIR; };
		AC68AE8F1C6F6050002C474B /* AppDelegate.swift */ = {isa = PBXFileReference; lastKnownFileType = sourcecode.swift; path = AppDelegate.swift; sourceTree = "<group>"; };
		AC68AE911C6F6050002C474B /* ViewController.swift */ = {isa = PBXFileReference; lastKnownFileType = sourcecode.swift; path = ViewController.swift; sourceTree = "<group>"; };
		AC68AE941C6F6050002C474B /* Base */ = {isa = PBXFileReference; lastKnownFileType = file.storyboard; name = Base; path = Base.lproj/Main.storyboard; sourceTree = "<group>"; };
		AC68AE961C6F6050002C474B /* Assets.xcassets */ = {isa = PBXFileReference; lastKnownFileType = folder.assetcatalog; path = Assets.xcassets; sourceTree = "<group>"; };
		AC68AE991C6F6050002C474B /* Base */ = {isa = PBXFileReference; lastKnownFileType = file.storyboard; name = Base; path = Base.lproj/LaunchScreen.storyboard; sourceTree = "<group>"; };
		AC68AE9B1C6F6050002C474B /* Info.plist */ = {isa = PBXFileReference; lastKnownFileType = text.plist.xml; path = Info.plist; sourceTree = "<group>"; };
		AC68AEA01C6F6050002C474B /* Mr.PotatoHead3Tests.xctest */ = {isa = PBXFileReference; explicitFileType = wrapper.cfbundle; includeInIndex = 0; path = Mr.PotatoHead3Tests.xctest; sourceTree = BUILT_PRODUCTS_DIR; };
		AC68AEA41C6F6050002C474B /* Mr_PotatoHead3Tests.swift */ = {isa = PBXFileReference; lastKnownFileType = sourcecode.swift; path = Mr_PotatoHead3Tests.swift; sourceTree = "<group>"; };
		AC68AEA61C6F6050002C474B /* Info.plist */ = {isa = PBXFileReference; lastKnownFileType = text.plist.xml; path = Info.plist; sourceTree = "<group>"; };
		AC68AEAB1C6F6050002C474B /* Mr.PotatoHead3UITests.xctest */ = {isa = PBXFileReference; explicitFileType = wrapper.cfbundle; includeInIndex = 0; path = Mr.PotatoHead3UITests.xctest; sourceTree = BUILT_PRODUCTS_DIR; };
		AC68AEAF1C6F6050002C474B /* Mr_PotatoHead3UITests.swift */ = {isa = PBXFileReference; lastKnownFileType = sourcecode.swift; path = Mr_PotatoHead3UITests.swift; sourceTree = "<group>"; };
		AC68AEB11C6F6050002C474B /* Info.plist */ = {isa = PBXFileReference; lastKnownFileType = text.plist.xml; path = Info.plist; sourceTree = "<group>"; };
/* End PBXFileReference section */

/* Begin PBXFrameworksBuildPhase section */
		AC68AE891C6F6050002C474B /* Frameworks */ = {
			isa = PBXFrameworksBuildPhase;
			buildActionMask = 2147483647;
			files = (
			);
			runOnlyForDeploymentPostprocessing = 0;
		};
		AC68AE9D1C6F6050002C474B /* Frameworks */ = {
			isa = PBXFrameworksBuildPhase;
			buildActionMask = 2147483647;
			files = (
			);
			runOnlyForDeploymentPostprocessing = 0;
		};
		AC68AEA81C6F6050002C474B /* Frameworks */ = {
			isa = PBXFrameworksBuildPhase;
			buildActionMask = 2147483647;
			files = (
			);
			runOnlyForDeploymentPostprocessing = 0;
		};
/* End PBXFrameworksBuildPhase section */

/* Begin PBXGroup section */
		AC68AE831C6F6050002C474B = {
			isa = PBXGroup;
			children = (
				AC68AE8E1C6F6050002C474B /* Mr.PotatoHead3 */,
				AC68AEA31C6F6050002C474B /* Mr.PotatoHead3Tests */,
				AC68AEAE1C6F6050002C474B /* Mr.PotatoHead3UITests */,
				AC68AE8D1C6F6050002C474B /* Products */,
			);
			sourceTree = "<group>";
		};
		AC68AE8D1C6F6050002C474B /* Products */ = {
			isa = PBXGroup;
			children = (
				AC68AE8C1C6F6050002C474B /* Mr.PotatoHead3.app */,
				AC68AEA01C6F6050002C474B /* Mr.PotatoHead3Tests.xctest */,
				AC68AEAB1C6F6050002C474B /* Mr.PotatoHead3UITests.xctest */,
			);
			name = Products;
			sourceTree = "<group>";
		};
		AC68AE8E1C6F6050002C474B /* Mr.PotatoHead3 */ = {
			isa = PBXGroup;
			children = (
				AC68AE8F1C6F6050002C474B /* AppDelegate.swift */,
				AC68AE911C6F6050002C474B /* ViewController.swift */,
				AC68AE931C6F6050002C474B /* Main.storyboard */,
				AC68AE961C6F6050002C474B /* Assets.xcassets */,
				AC68AE981C6F6050002C474B /* LaunchScreen.storyboard */,
				AC68AE9B1C6F6050002C474B /* Info.plist */,
			);
			path = Mr.PotatoHead3;
			sourceTree = "<group>";
		};
		AC68AEA31C6F6050002C474B /* Mr.PotatoHead3Tests */ = {
			isa = PBXGroup;
			children = (
				AC68AEA41C6F6050002C474B /* Mr_PotatoHead3Tests.swift */,
				AC68AEA61C6F6050002C474B /* Info.plist */,
			);
			path = Mr.PotatoHead3Tests;
			sourceTree = "<group>";
		};
		AC68AEAE1C6F6050002C474B /* Mr.PotatoHead3UITests */ = {
			isa = PBXGroup;
			children = (
				AC68AEAF1C6F6050002C474B /* Mr_PotatoHead3UITests.swift */,
				AC68AEB11C6F6050002C474B /* Info.plist */,
			);
			path = Mr.PotatoHead3UITests;
			sourceTree = "<group>";
		};
/* End PBXGroup section */

/* Begin PBXNativeTarget section */
		AC68AE8B1C6F6050002C474B /* Mr.PotatoHead3 */ = {
			isa = PBXNativeTarget;
			buildConfigurationList = AC68AEB41C6F6050002C474B /* Build configuration list for PBXNativeTarget "Mr.PotatoHead3" */;
			buildPhases = (
				AC68AE881C6F6050002C474B /* Sources */,
				AC68AE891C6F6050002C474B /* Frameworks */,
				AC68AE8A1C6F6050002C474B /* Resources */,
			);
			buildRules = (
			);
			dependencies = (
			);
			name = Mr.PotatoHead3;
			productName = Mr.PotatoHead3;
			productReference = AC68AE8C1C6F6050002C474B /* Mr.PotatoHead3.app */;
			productType = "com.apple.product-type.application";
		};
		AC68AE9F1C6F6050002C474B /* Mr.PotatoHead3Tests */ = {
			isa = PBXNativeTarget;
			buildConfigurationList = AC68AEB71C6F6050002C474B /* Build configuration list for PBXNativeTarget "Mr.PotatoHead3Tests" */;
			buildPhases = (
				AC68AE9C1C6F6050002C474B /* Sources */,
				AC68AE9D1C6F6050002C474B /* Frameworks */,
				AC68AE9E1C6F6050002C474B /* Resources */,
			);
			buildRules = (
			);
			dependencies = (
				AC68AEA21C6F6050002C474B /* PBXTargetDependency */,
			);
			name = Mr.PotatoHead3Tests;
			productName = Mr.PotatoHead3Tests;
			productReference = AC68AEA01C6F6050002C474B /* Mr.PotatoHead3Tests.xctest */;
			productType = "com.apple.product-type.bundle.unit-test";
		};
		AC68AEAA1C6F6050002C474B /* Mr.PotatoHead3UITests */ = {
			isa = PBXNativeTarget;
			buildConfigurationList = AC68AEBA1C6F6050002C474B /* Build configuration list for PBXNativeTarget "Mr.PotatoHead3UITests" */;
			buildPhases = (
				AC68AEA71C6F6050002C474B /* Sources */,
				AC68AEA81C6F6050002C474B /* Frameworks */,
				AC68AEA91C6F6050002C474B /* Resources */,
			);
			buildRules = (
			);
			dependencies = (
				AC68AEAD1C6F6050002C474B /* PBXTargetDependency */,
			);
			name = Mr.PotatoHead3UITests;
			productName = Mr.PotatoHead3UITests;
			productReference = AC68AEAB1C6F6050002C474B /* Mr.PotatoHead3UITests.xctest */;
			productType = "com.apple.product-type.bundle.ui-testing";
		};
/* End PBXNativeTarget section */

/* Begin PBXProject section */
		AC68AE841C6F6050002C474B /* Project object */ = {
			isa = PBXProject;
			attributes = {
				LastSwiftUpdateCheck = 0720;
				LastUpgradeCheck = 0720;
				ORGANIZATIONNAME = "Jidde Koekoek";
				TargetAttributes = {
					AC68AE8B1C6F6050002C474B = {
						CreatedOnToolsVersion = 7.2.1;
					};
					AC68AE9F1C6F6050002C474B = {
						CreatedOnToolsVersion = 7.2.1;
						TestTargetID = AC68AE8B1C6F6050002C474B;
					};
					AC68AEAA1C6F6050002C474B = {
						CreatedOnToolsVersion = 7.2.1;
						TestTargetID = AC68AE8B1C6F6050002C474B;
					};
				};
			};
			buildConfigurationList = AC68AE871C6F6050002C474B /* Build configuration list for PBXProject "Mr.PotatoHead3" */;
			compatibilityVersion = "Xcode 3.2";
			developmentRegion = English;
			hasScannedForEncodings = 0;
			knownRegions = (
				en,
				Base,
			);
			mainGroup = AC68AE831C6F6050002C474B;
			productRefGroup = AC68AE8D1C6F6050002C474B /* Products */;
			projectDirPath = "";
			projectRoot = "";
			targets = (
				AC68AE8B1C6F6050002C474B /* Mr.PotatoHead3 */,
				AC68AE9F1C6F6050002C474B /* Mr.PotatoHead3Tests */,
				AC68AEAA1C6F6050002C474B /* Mr.PotatoHead3UITests */,
			);
		};
/* End PBXProject section */

/* Begin PBXResourcesBuildPhase section */
		AC68AE8A1C6F6050002C474B /* Resources */ = {
			isa = PBXResourcesBuildPhase;
			buildActionMask = 2147483647;
			files = (
				AC68AE9A1C6F6050002C474B /* LaunchScreen.storyboard in Resources */,
				AC68AE971C6F6050002C474B /* Assets.xcassets in Resources */,
				AC68AE951C6F6050002C474B /* Main.storyboard in Resources */,
			);
			runOnlyForDeploymentPostprocessing = 0;
		};
		AC68AE9E1C6F6050002C474B /* Resources */ = {
			isa = PBXResourcesBuildPhase;
			buildActionMask = 2147483647;
			files = (
			);
			runOnlyForDeploymentPostprocessing = 0;
		};
		AC68AEA91C6F6050002C474B /* Resources */ = {
			isa = PBXResourcesBuildPhase;
			buildActionMask = 2147483647;
			files = (
			);
			runOnlyForDeploymentPostprocessing = 0;
		};
/* End PBXResourcesBuildPhase section */

/* Begin PBXSourcesBuildPhase section */
		AC68AE881C6F6050002C474B /* Sources */ = {
			isa = PBXSourcesBuildPhase;
			buildActionMask = 2147483647;
			files = (
				AC68AE921C6F6050002C474B /* ViewController.swift in Sources */,
				AC68AE901C6F6050002C474B /* AppDelegate.swift in Sources */,
			);
			runOnlyForDeploymentPostprocessing = 0;
		};
		AC68AE9C1C6F6050002C474B /* Sources */ = {
			isa = PBXSourcesBuildPhase;
			buildActionMask = 2147483647;
			files = (
				AC68AEA51C6F6050002C474B /* Mr_PotatoHead3Tests.swift in Sources */,
			);
			runOnlyForDeploymentPostprocessing = 0;
		};
		AC68AEA71C6F6050002C474B /* Sources */ = {
			isa = PBXSourcesBuildPhase;
			buildActionMask = 2147483647;
			files = (
				AC68AEB01C6F6050002C474B /* Mr_PotatoHead3UITests.swift in Sources */,
			);
			runOnlyForDeploymentPostprocessing = 0;
		};
/* End PBXSourcesBuildPhase section */

/* Begin PBXTargetDependency section */
		AC68AEA21C6F6050002C474B /* PBXTargetDependency */ = {
			isa = PBXTargetDependency;
			target = AC68AE8B1C6F6050002C474B /* Mr.PotatoHead3 */;
			targetProxy = AC68AEA11C6F6050002C474B /* PBXContainerItemProxy */;
		};
		AC68AEAD1C6F6050002C474B /* PBXTargetDependency */ = {
			isa = PBXTargetDependency;
			target = AC68AE8B1C6F6050002C474B /* Mr.PotatoHead3 */;
			targetProxy = AC68AEAC1C6F6050002C474B /* PBXContainerItemProxy */;
		};
/* End PBXTargetDependency section */

/* Begin PBXVariantGroup section */
		AC68AE931C6F6050002C474B /* Main.storyboard */ = {
			isa = PBXVariantGroup;
			children = (
				AC68AE941C6F6050002C474B /* Base */,
			);
			name = Main.storyboard;
			sourceTree = "<group>";
		};
		AC68AE981C6F6050002C474B /* LaunchScreen.storyboard */ = {
			isa = PBXVariantGroup;
			children = (
				AC68AE991C6F6050002C474B /* Base */,
			);
			name = LaunchScreen.storyboard;
			sourceTree = "<group>";
		};
/* End PBXVariantGroup section */

/* Begin XCBuildConfiguration section */
		AC68AEB21C6F6050002C474B /* Debug */ = {
			isa = XCBuildConfiguration;
			buildSettings = {
				ALWAYS_SEARCH_USER_PATHS = NO;
				CLANG_CXX_LANGUAGE_STANDARD = "gnu++0x";
				CLANG_CXX_LIBRARY = "libc++";
				CLANG_ENABLE_MODULES = YES;
				CLANG_ENABLE_OBJC_ARC = YES;
				CLANG_WARN_BOOL_CONVERSION = YES;
				CLANG_WARN_CONSTANT_CONVERSION = YES;
				CLANG_WARN_DIRECT_OBJC_ISA_USAGE = YES_ERROR;
				CLANG_WARN_EMPTY_BODY = YES;
				CLANG_WARN_ENUM_CONVERSION = YES;
				CLANG_WARN_INT_CONVERSION = YES;
				CLANG_WARN_OBJC_ROOT_CLASS = YES_ERROR;
				CLANG_WARN_UNREACHABLE_CODE = YES;
				CLANG_WARN__DUPLICATE_METHOD_MATCH = YES;
				"CODE_SIGN_IDENTITY[sdk=iphoneos*]" = "iPhone Developer";
				COPY_PHASE_STRIP = NO;
				DEBUG_INFORMATION_FORMAT = dwarf;
				ENABLE_STRICT_OBJC_MSGSEND = YES;
				ENABLE_TESTABILITY = YES;
				GCC_C_LANGUAGE_STANDARD = gnu99;
				GCC_DYNAMIC_NO_PIC = NO;
				GCC_NO_COMMON_BLOCKS = YES;
				GCC_OPTIMIZATION_LEVEL = 0;
				GCC_PREPROCESSOR_DEFINITIONS = (
					"DEBUG=1",
					"$(inherited)",
				);
				GCC_WARN_64_TO_32_BIT_CONVERSION = YES;
				GCC_WARN_ABOUT_RETURN_TYPE = YES_ERROR;
				GCC_WARN_UNDECLARED_SELECTOR = YES;
				GCC_WARN_UNINITIALIZED_AUTOS = YES_AGGRESSIVE;
				GCC_WARN_UNUSED_FUNCTION = YES;
				GCC_WARN_UNUSED_VARIABLE = YES;
				IPHONEOS_DEPLOYMENT_TARGET = 9.2;
				MTL_ENABLE_DEBUG_INFO = YES;
				ONLY_ACTIVE_ARCH = YES;
				SDKROOT = iphoneos;
				SWIFT_OPTIMIZATION_LEVEL = "-Onone";
				TARGETED_DEVICE_FAMILY = "1,2";
			};
			name = Debug;
		};
		AC68AEB31C6F6050002C474B /* Release */ = {
			isa = XCBuildConfiguration;
			buildSettings = {
				ALWAYS_SEARCH_USER_PATHS = NO;
				CLANG_CXX_LANGUAGE_STANDARD = "gnu++0x";
				CLANG_CXX_LIBRARY = "libc++";
				CLANG_ENABLE_MODULES = YES;
				CLANG_ENABLE_OBJC_ARC = YES;
				CLANG_WARN_BOOL_CONVERSION = YES;
				CLANG_WARN_CONSTANT_CONVERSION = YES;
				CLANG_WARN_DIRECT_OBJC_ISA_USAGE = YES_ERROR;
				CLANG_WARN_EMPTY_BODY = YES;
				CLANG_WARN_ENUM_CONVERSION = YES;
				CLANG_WARN_INT_CONVERSION = YES;
				CLANG_WARN_OBJC_ROOT_CLASS = YES_ERROR;
				CLANG_WARN_UNREACHABLE_CODE = YES;
				CLANG_WARN__DUPLICATE_METHOD_MATCH = YES;
				"CODE_SIGN_IDENTITY[sdk=iphoneos*]" = "iPhone Developer";
				COPY_PHASE_STRIP = NO;
				DEBUG_INFORMATION_FORMAT = "dwarf-with-dsym";
				ENABLE_NS_ASSERTIONS = NO;
				ENABLE_STRICT_OBJC_MSGSEND = YES;
				GCC_C_LANGUAGE_STANDARD = gnu99;
				GCC_NO_COMMON_BLOCKS = YES;
				GCC_WARN_64_TO_32_BIT_CONVERSION = YES;
				GCC_WARN_ABOUT_RETURN_TYPE = YES_ERROR;
				GCC_WARN_UNDECLARED_SELECTOR = YES;
				GCC_WARN_UNINITIALIZED_AUTOS = YES_AGGRESSIVE;
				GCC_WARN_UNUSED_FUNCTION = YES;
				GCC_WARN_UNUSED_VARIABLE = YES;
				IPHONEOS_DEPLOYMENT_TARGET = 9.2;
				MTL_ENABLE_DEBUG_INFO = NO;
				SDKROOT = iphoneos;
				TARGETED_DEVICE_FAMILY = "1,2";
				VALIDATE_PRODUCT = YES;
			};
			name = Release;
		};
		AC68AEB51C6F6050002C474B /* Debug */ = {
			isa = XCBuildConfiguration;
			buildSettings = {
				ASSETCATALOG_COMPILER_APPICON_NAME = AppIcon;
				INFOPLIST_FILE = Mr.PotatoHead3/Info.plist;
				LD_RUNPATH_SEARCH_PATHS = "$(inherited) @executable_path/Frameworks";
				PRODUCT_BUNDLE_IDENTIFIER = "nl.mprog.Mr-PotatoHead3";
				PRODUCT_NAME = "$(TARGET_NAME)";
			};
			name = Debug;
		};
		AC68AEB61C6F6050002C474B /* Release */ = {
			isa = XCBuildConfiguration;
			buildSettings = {
				ASSETCATALOG_COMPILER_APPICON_NAME = AppIcon;
				INFOPLIST_FILE = Mr.PotatoHead3/Info.plist;
				LD_RUNPATH_SEARCH_PATHS = "$(inherited) @executable_path/Frameworks";
				PRODUCT_BUNDLE_IDENTIFIER = "nl.mprog.Mr-PotatoHead3";
				PRODUCT_NAME = "$(TARGET_NAME)";
			};
			name = Release;
		};
		AC68AEB81C6F6050002C474B /* Debug */ = {
			isa = XCBuildConfiguration;
			buildSettings = {
				BUNDLE_LOADER = "$(TEST_HOST)";
				INFOPLIST_FILE = Mr.PotatoHead3Tests/Info.plist;
				LD_RUNPATH_SEARCH_PATHS = "$(inherited) @executable_path/Frameworks @loader_path/Frameworks";
				PRODUCT_BUNDLE_IDENTIFIER = "nl.mprog.Mr-PotatoHead3Tests";
				PRODUCT_NAME = "$(TARGET_NAME)";
				TEST_HOST = "$(BUILT_PRODUCTS_DIR)/Mr.PotatoHead3.app/Mr.PotatoHead3";
			};
			name = Debug;
		};
		AC68AEB91C6F6050002C474B /* Release */ = {
			isa = XCBuildConfiguration;
			buildSettings = {
				BUNDLE_LOADER = "$(TEST_HOST)";
				INFOPLIST_FILE = Mr.PotatoHead3Tests/Info.plist;
				LD_RUNPATH_SEARCH_PATHS = "$(inherited) @executable_path/Frameworks @loader_path/Frameworks";
				PRODUCT_BUNDLE_IDENTIFIER = "nl.mprog.Mr-PotatoHead3Tests";
				PRODUCT_NAME = "$(TARGET_NAME)";
				TEST_HOST = "$(BUILT_PRODUCTS_DIR)/Mr.PotatoHead3.app/Mr.PotatoHead3";
			};
			name = Release;
		};
		AC68AEBB1C6F6050002C474B /* Debug */ = {
			isa = XCBuildConfiguration;
			buildSettings = {
				INFOPLIST_FILE = Mr.PotatoHead3UITests/Info.plist;
				LD_RUNPATH_SEARCH_PATHS = "$(inherited) @executable_path/Frameworks @loader_path/Frameworks";
				PRODUCT_BUNDLE_IDENTIFIER = "nl.mprog.Mr-PotatoHead3UITests";
				PRODUCT_NAME = "$(TARGET_NAME)";
				TEST_TARGET_NAME = Mr.PotatoHead3;
				USES_XCTRUNNER = YES;
			};
			name = Debug;
		};
		AC68AEBC1C6F6050002C474B /* Release */ = {
			isa = XCBuildConfiguration;
			buildSettings = {
				INFOPLIST_FILE = Mr.PotatoHead3UITests/Info.plist;
				LD_RUNPATH_SEARCH_PATHS = "$(inherited) @executable_path/Frameworks @loader_path/Frameworks";
				PRODUCT_BUNDLE_IDENTIFIER = "nl.mprog.Mr-PotatoHead3UITests";
				PRODUCT_NAME = "$(TARGET_NAME)";
				TEST_TARGET_NAME = Mr.PotatoHead3;
				USES_XCTRUNNER = YES;
			};
			name = Release;
		};
/* End XCBuildConfiguration section */

/* Begin XCConfigurationList section */
		AC68AE871C6F6050002C474B /* Build configuration list for PBXProject "Mr.PotatoHead3" */ = {
			isa = XCConfigurationList;
			buildConfigurations = (
				AC68AEB21C6F6050002C474B /* Debug */,
				AC68AEB31C6F6050002C474B /* Release */,
			);
			defaultConfigurationIsVisible = 0;
			defaultConfigurationName = Release;
		};
		AC68AEB41C6F6050002C474B /* Build configuration list for PBXNativeTarget "Mr.PotatoHead3" */ = {
			isa = XCConfigurationList;
			buildConfigurations = (
				AC68AEB51C6F6050002C474B /* Debug */,
				AC68AEB61C6F6050002C474B /* Release */,
			);
			defaultConfigurationIsVisible = 0;
		};
		AC68AEB71C6F6050002C474B /* Build configuration list for PBXNativeTarget "Mr.PotatoHead3Tests" */ = {
			isa = XCConfigurationList;
			buildConfigurations = (
				AC68AEB81C6F6050002C474B /* Debug */,
				AC68AEB91C6F6050002C474B /* Release */,
			);
			defaultConfigurationIsVisible = 0;
		};
		AC68AEBA1C6F6050002C474B /* Build configuration list for PBXNativeTarget "Mr.PotatoHead3UITests" */ = {
			isa = XCConfigurationList;
			buildConfigurations = (
				AC68AEBB1C6F6050002C474B /* Debug */,
				AC68AEBC1C6F6050002C474B /* Release */,
			);
			defaultConfigurationIsVisible = 0;
		};
/* End XCConfigurationList section */
	};
	rootObject = AC68AE841C6F6050002C474B /* Project object */;
}
